
Microsoft Visual Studio Solution File, Format Version 12.00
# Visual Studio 15
Project("{FAE04EC0-301F-11D3-BF4B-00C04F79EFBC}") = "Assembly-CSharp", "Assembly-CSharp.csproj", "{9F1859D3-2E8B-327E-1046-44B6D7CA4337}"
EndProject
Project("{FAE04EC0-301F-11D3-BF4B-00C04F79EFBC}") = "Assembly-CSharp-firstpass", "Assembly-CSharp-firstpass.csproj", "{8BA32B93-1879-B9E4-C605-505F9CE253AE}"
EndProject
Global
	GlobalSection(SolutionConfigurationPlatforms) = preSolution
		Debug|Any CPU = Debug|Any CPU
		Release|Any CPU = Release|Any CPU
	EndGlobalSection
	GlobalSection(ProjectConfigurationPlatforms) = postSolution
		{9F1859D3-2E8B-327E-1046-44B6D7CA4337}.Debug|Any CPU.ActiveCfg = Debug|Any CPU
		{9F1859D3-2E8B-327E-1046-44B6D7CA4337}.Debug|Any CPU.Build.0 = Debug|Any CPU
		{9F1859D3-2E8B-327E-1046-44B6D7CA4337}.Release|Any CPU.ActiveCfg = Release|Any CPU
		{9F1859D3-2E8B-327E-1046-44B6D7CA4337}.Release|Any CPU.Build.0 = Release|Any CPU
		{8BA32B93-1879-B9E4-C605-505F9CE253AE}.Debug|Any CPU.ActiveCfg = Debug|Any CPU
		{8BA32B93-1879-B9E4-C605-505F9CE253AE}.Debug|Any CPU.Build.0 = Debug|Any CPU
		{8BA32B93-1879-B9E4-C605-505F9CE253AE}.Release|Any CPU.ActiveCfg = Release|Any CPU
		{8BA32B93-1879-B9E4-C605-505F9CE253AE}.Release|Any CPU.Build.0 = Release|Any CPU
	EndGlobalSection
	GlobalSection(SolutionProperties) = preSolution
		HideSolutionNode = FALSE
	EndGlobalSection
EndGlobal
